// !$*UTF8*$!
{
	archiveVersion = 1;
	classes = {
	};
	objectVersion = 56;
	objects = {

/* Begin PBXAggregateTarget section */
		F725EAF029F50F9C0062AEDD /* ExecuteSwiftLint */ = {
			isa = PBXAggregateTarget;
			buildConfigurationList = F725EAF429F50F9C0062AEDD /* Build configuration list for PBXAggregateTarget "ExecuteSwiftLint" */;
			buildPhases = (
				F725EAF529F50FB20062AEDD /* [IO] Lint */,
				F725EAF829F524300062AEDD /* [IO] Lint Sample App */,
			);
			dependencies = (
			);
			name = ExecuteSwiftLint;
			productName = ExecuteSwiftLint;
		};
/* End PBXAggregateTarget section */

/* Begin PBXBuildFile section */
		F72356C22A88C4D000CC9238 /* IOSwiftUI in Frameworks */ = {isa = PBXBuildFile; productRef = F72356C12A88C4D000CC9238 /* IOSwiftUI */; };
		F73A7BD7291D5F8500D1D832 /* IOSwiftUISampleAppDelegate.swift in Sources */ = {isa = PBXBuildFile; fileRef = F73A7BD6291D5F8500D1D832 /* IOSwiftUISampleAppDelegate.swift */; };
		F78D1A7E291A47FE00E6C38B /* Settings.bundle in Resources */ = {isa = PBXBuildFile; fileRef = F78D1A7D291A47FE00E6C38B /* Settings.bundle */; };
		F7AD7DEC28DCE92100CDB8B8 /* IOBuildConfig.m in Sources */ = {isa = PBXBuildFile; fileRef = F7AD7DEB28DCE92100CDB8B8 /* IOBuildConfig.m */; };
		F7AD7DF028DCE96C00CDB8B8 /* IOBuildConfigGenerator.m in Sources */ = {isa = PBXBuildFile; fileRef = F7AD7DEF28DCE96C00CDB8B8 /* IOBuildConfigGenerator.m */; };
		F7FEE58C28B0F1C9005D6633 /* IOSwiftUISampleApp.swift in Sources */ = {isa = PBXBuildFile; fileRef = F7FEE58B28B0F1C9005D6633 /* IOSwiftUISampleApp.swift */; };
		F7FEE59028B0F1C9005D6633 /* Assets.xcassets in Resources */ = {isa = PBXBuildFile; fileRef = F7FEE58F28B0F1C9005D6633 /* Assets.xcassets */; };
		F7FEE59328B0F1C9005D6633 /* Preview Assets.xcassets in Resources */ = {isa = PBXBuildFile; fileRef = F7FEE59228B0F1C9005D6633 /* Preview Assets.xcassets */; };
		F7FEE5C128B10015005D6633 /* SwiftUISampleApp in Frameworks */ = {isa = PBXBuildFile; productRef = F7FEE5C028B10015005D6633 /* SwiftUISampleApp */; };
/* End PBXBuildFile section */

/* Begin PBXContainerItemProxy section */
		F725EAF629F50FFC0062AEDD /* PBXContainerItemProxy */ = {
			isa = PBXContainerItemProxy;
			containerPortal = F7FEE58028B0F1C9005D6633 /* Project object */;
			proxyType = 1;
			remoteGlobalIDString = F725EAF029F50F9C0062AEDD;
			remoteInfo = ExecuteSwiftLint;
		};
/* End PBXContainerItemProxy section */

/* Begin PBXCopyFilesBuildPhase section */
		F7AD7DE228DCE8FA00CDB8B8 /* CopyFiles */ = {
			isa = PBXCopyFilesBuildPhase;
			buildActionMask = 2147483647;
			dstPath = /usr/share/man/man1/;
			dstSubfolderSpec = 0;
			files = (
			);
			runOnlyForDeploymentPostprocessing = 1;
		};
/* End PBXCopyFilesBuildPhase section */

/* Begin PBXFileReference section */
		F73A7BD6291D5F8500D1D832 /* IOSwiftUISampleAppDelegate.swift */ = {isa = PBXFileReference; lastKnownFileType = sourcecode.swift; path = IOSwiftUISampleAppDelegate.swift; sourceTree = "<group>"; };
		F73E29B428B18E39005C8A76 /* Info.plist */ = {isa = PBXFileReference; lastKnownFileType = text.plist; path = Info.plist; sourceTree = "<group>"; };
		F750013D294F9FB4006D7DF7 /* IOSwiftUISampleDebug.entitlements */ = {isa = PBXFileReference; lastKnownFileType = text.plist.entitlements; path = IOSwiftUISampleDebug.entitlements; sourceTree = "<group>"; };
		F758756F29192D2200C665D1 /* Location.gpx */ = {isa = PBXFileReference; lastKnownFileType = text.xml; path = Location.gpx; sourceTree = "<group>"; };
		F78D1A7D291A47FE00E6C38B /* Settings.bundle */ = {isa = PBXFileReference; lastKnownFileType = "wrapper.plug-in"; path = Settings.bundle; sourceTree = "<group>"; };
		F7A69E7928F16633001EDC99 /* IOSwiftUISample.DEV.xcconfig */ = {isa = PBXFileReference; lastKnownFileType = text.xcconfig; path = IOSwiftUISample.DEV.xcconfig; sourceTree = "<group>"; };
		F7AD7DE428DCE8FA00CDB8B8 /* IOBuildConfigGenerator */ = {isa = PBXFileReference; explicitFileType = "compiled.mach-o.executable"; includeInIndex = 0; path = IOBuildConfigGenerator; sourceTree = BUILT_PRODUCTS_DIR; };
		F7AD7DEB28DCE92100CDB8B8 /* IOBuildConfig.m */ = {isa = PBXFileReference; lastKnownFileType = sourcecode.c.objc; name = IOBuildConfig.m; path = ../Plugins/IOBuildConfigGenerator/IOBuildConfig.m; sourceTree = "<group>"; };
		F7AD7DEF28DCE96C00CDB8B8 /* IOBuildConfigGenerator.m */ = {isa = PBXFileReference; lastKnownFileType = sourcecode.c.objc; name = IOBuildConfigGenerator.m; path = ../Plugins/IOBuildConfigGenerator/IOBuildConfigGenerator.m; sourceTree = "<group>"; };
		F7FEE58828B0F1C9005D6633 /* IOSwiftUISample.app */ = {isa = PBXFileReference; explicitFileType = wrapper.application; includeInIndex = 0; path = IOSwiftUISample.app; sourceTree = BUILT_PRODUCTS_DIR; };
		F7FEE58B28B0F1C9005D6633 /* IOSwiftUISampleApp.swift */ = {isa = PBXFileReference; lastKnownFileType = sourcecode.swift; path = IOSwiftUISampleApp.swift; sourceTree = "<group>"; };
		F7FEE58F28B0F1C9005D6633 /* Assets.xcassets */ = {isa = PBXFileReference; lastKnownFileType = folder.assetcatalog; path = Assets.xcassets; sourceTree = "<group>"; };
		F7FEE59228B0F1C9005D6633 /* Preview Assets.xcassets */ = {isa = PBXFileReference; lastKnownFileType = folder.assetcatalog; path = "Preview Assets.xcassets"; sourceTree = "<group>"; };
		F7FEE5B428B0F34D005D6633 /* IOSwiftUISample.Base.xcconfig */ = {isa = PBXFileReference; lastKnownFileType = text.xcconfig; path = IOSwiftUISample.Base.xcconfig; sourceTree = "<group>"; };
		F7FEE5B528B0F35C005D6633 /* IOSwiftUISample.Debug.xcconfig */ = {isa = PBXFileReference; lastKnownFileType = text.xcconfig; path = IOSwiftUISample.Debug.xcconfig; sourceTree = "<group>"; };
		F7FEE5B628B0F364005D6633 /* IOSwiftUISample.Release.xcconfig */ = {isa = PBXFileReference; lastKnownFileType = text.xcconfig; path = IOSwiftUISample.Release.xcconfig; sourceTree = "<group>"; };
		F7FEE5B728B0F37B005D6633 /* IOSwiftUI */ = {isa = PBXFileReference; lastKnownFileType = wrapper; name = IOSwiftUI; path = ..; sourceTree = "<group>"; };
		F7FEE5BD28B0FF08005D6633 /* SwiftUISampleApp */ = {isa = PBXFileReference; lastKnownFileType = wrapper; path = SwiftUISampleApp; sourceTree = "<group>"; };
/* End PBXFileReference section */

/* Begin PBXFrameworksBuildPhase section */
		F7AD7DE128DCE8FA00CDB8B8 /* Frameworks */ = {
			isa = PBXFrameworksBuildPhase;
			buildActionMask = 2147483647;
			files = (
			);
			runOnlyForDeploymentPostprocessing = 0;
		};
		F7FEE58528B0F1C9005D6633 /* Frameworks */ = {
			isa = PBXFrameworksBuildPhase;
			buildActionMask = 2147483647;
			files = (
				F72356C22A88C4D000CC9238 /* IOSwiftUI in Frameworks */,
				F7FEE5C128B10015005D6633 /* SwiftUISampleApp in Frameworks */,
			);
			runOnlyForDeploymentPostprocessing = 0;
		};
/* End PBXFrameworksBuildPhase section */

/* Begin PBXGroup section */
		F7AD7DEE28DCE95300CDB8B8 /* IOBuildConfigGenerator */ = {
			isa = PBXGroup;
			children = (
				F7AD7DEB28DCE92100CDB8B8 /* IOBuildConfig.m */,
				F7AD7DEF28DCE96C00CDB8B8 /* IOBuildConfigGenerator.m */,
			);
			name = IOBuildConfigGenerator;
			sourceTree = "<group>";
		};
		F7FEE57F28B0F1C9005D6633 = {
			isa = PBXGroup;
			children = (
				F7FEE5B728B0F37B005D6633 /* IOSwiftUI */,
				F7FEE5BD28B0FF08005D6633 /* SwiftUISampleApp */,
				F7FEE58A28B0F1C9005D6633 /* IOSwiftUISample */,
				F7AD7DEE28DCE95300CDB8B8 /* IOBuildConfigGenerator */,
				F7FEE58928B0F1C9005D6633 /* Products */,
				F7FEE5BA28B0F3AB005D6633 /* Frameworks */,
			);
			sourceTree = "<group>";
		};
		F7FEE58928B0F1C9005D6633 /* Products */ = {
			isa = PBXGroup;
			children = (
				F7FEE58828B0F1C9005D6633 /* IOSwiftUISample.app */,
				F7AD7DE428DCE8FA00CDB8B8 /* IOBuildConfigGenerator */,
			);
			name = Products;
			sourceTree = "<group>";
		};
		F7FEE58A28B0F1C9005D6633 /* IOSwiftUISample */ = {
			isa = PBXGroup;
			children = (
				F7FEE58B28B0F1C9005D6633 /* IOSwiftUISampleApp.swift */,
				F73A7BD6291D5F8500D1D832 /* IOSwiftUISampleAppDelegate.swift */,
				F7FEE58F28B0F1C9005D6633 /* Assets.xcassets */,
				F73E29B428B18E39005C8A76 /* Info.plist */,
				F750013D294F9FB4006D7DF7 /* IOSwiftUISampleDebug.entitlements */,
				F758756F29192D2200C665D1 /* Location.gpx */,
				F7FEE59128B0F1C9005D6633 /* Preview Content */,
				F7FEE59928B0F21E005D6633 /* Resources */,
			);
			path = IOSwiftUISample;
			sourceTree = "<group>";
		};
		F7FEE59128B0F1C9005D6633 /* Preview Content */ = {
			isa = PBXGroup;
			children = (
				F7FEE59228B0F1C9005D6633 /* Preview Assets.xcassets */,
			);
			path = "Preview Content";
			sourceTree = "<group>";
		};
		F7FEE59928B0F21E005D6633 /* Resources */ = {
			isa = PBXGroup;
			children = (
				F7FEE59A28B0F227005D6633 /* Configurations */,
				F78D1A7D291A47FE00E6C38B /* Settings.bundle */,
			);
			path = Resources;
			sourceTree = "<group>";
		};
		F7FEE59A28B0F227005D6633 /* Configurations */ = {
			isa = PBXGroup;
			children = (
				F7FEE5B428B0F34D005D6633 /* IOSwiftUISample.Base.xcconfig */,
				F7FEE5B528B0F35C005D6633 /* IOSwiftUISample.Debug.xcconfig */,
				F7A69E7928F16633001EDC99 /* IOSwiftUISample.DEV.xcconfig */,
				F7FEE5B628B0F364005D6633 /* IOSwiftUISample.Release.xcconfig */,
			);
			path = Configurations;
			sourceTree = "<group>";
		};
		F7FEE5BA28B0F3AB005D6633 /* Frameworks */ = {
			isa = PBXGroup;
			children = (
			);
			name = Frameworks;
			sourceTree = "<group>";
		};
/* End PBXGroup section */

/* Begin PBXNativeTarget section */
		F7AD7DE328DCE8FA00CDB8B8 /* IOBuildConfigGenerator */ = {
			isa = PBXNativeTarget;
			buildConfigurationList = F7AD7DE828DCE8FA00CDB8B8 /* Build configuration list for PBXNativeTarget "IOBuildConfigGenerator" */;
			buildPhases = (
				F7AD7DE028DCE8FA00CDB8B8 /* Sources */,
				F7AD7DE128DCE8FA00CDB8B8 /* Frameworks */,
				F7AD7DE228DCE8FA00CDB8B8 /* CopyFiles */,
			);
			buildRules = (
			);
			dependencies = (
			);
			name = IOBuildConfigGenerator;
			productName = IOBuildConfigGenerator;
			productReference = F7AD7DE428DCE8FA00CDB8B8 /* IOBuildConfigGenerator */;
			productType = "com.apple.product-type.tool";
		};
		F7FEE58728B0F1C9005D6633 /* IOSwiftUISample */ = {
			isa = PBXNativeTarget;
			buildConfigurationList = F7FEE59628B0F1C9005D6633 /* Build configuration list for PBXNativeTarget "IOSwiftUISample" */;
			buildPhases = (
				F72608622922CD9F009C545C /* [IO] Prepare Settings Bundle */,
				F7FEE58428B0F1C9005D6633 /* Sources */,
				F7FEE58528B0F1C9005D6633 /* Frameworks */,
				F7FEE58628B0F1C9005D6633 /* Resources */,
			);
			buildRules = (
			);
			dependencies = (
				F725EAF729F50FFC0062AEDD /* PBXTargetDependency */,
			);
			name = IOSwiftUISample;
			packageProductDependencies = (
				F7FEE5C028B10015005D6633 /* SwiftUISampleApp */,
				F72356C12A88C4D000CC9238 /* IOSwiftUI */,
			);
			productName = IOSwiftUISample;
			productReference = F7FEE58828B0F1C9005D6633 /* IOSwiftUISample.app */;
			productType = "com.apple.product-type.application";
		};
/* End PBXNativeTarget section */

/* Begin PBXProject section */
		F7FEE58028B0F1C9005D6633 /* Project object */ = {
			isa = PBXProject;
			attributes = {
				BuildIndependentTargetsInParallel = 1;
				LastSwiftUpdateCheck = 1340;
				LastUpgradeCheck = 1430;
				TargetAttributes = {
					F725EAF029F50F9C0062AEDD = {
						CreatedOnToolsVersion = 14.3;
					};
					F7AD7DE328DCE8FA00CDB8B8 = {
						CreatedOnToolsVersion = 14.0;
					};
					F7FEE58728B0F1C9005D6633 = {
						CreatedOnToolsVersion = 13.4.1;
					};
				};
			};
			buildConfigurationList = F7FEE58328B0F1C9005D6633 /* Build configuration list for PBXProject "IOSwiftUISample" */;
			compatibilityVersion = "Xcode 14.0";
			developmentRegion = en;
			hasScannedForEncodings = 0;
			knownRegions = (
				en,
				Base,
			);
			mainGroup = F7FEE57F28B0F1C9005D6633;
			productRefGroup = F7FEE58928B0F1C9005D6633 /* Products */;
			projectDirPath = "";
			projectRoot = "";
			targets = (
				F725EAF029F50F9C0062AEDD /* ExecuteSwiftLint */,
				F7AD7DE328DCE8FA00CDB8B8 /* IOBuildConfigGenerator */,
				F7FEE58728B0F1C9005D6633 /* IOSwiftUISample */,
			);
		};
/* End PBXProject section */

/* Begin PBXResourcesBuildPhase section */
		F7FEE58628B0F1C9005D6633 /* Resources */ = {
			isa = PBXResourcesBuildPhase;
			buildActionMask = 2147483647;
			files = (
				F7FEE59328B0F1C9005D6633 /* Preview Assets.xcassets in Resources */,
				F78D1A7E291A47FE00E6C38B /* Settings.bundle in Resources */,
				F7FEE59028B0F1C9005D6633 /* Assets.xcassets in Resources */,
			);
			runOnlyForDeploymentPostprocessing = 0;
		};
/* End PBXResourcesBuildPhase section */

/* Begin PBXShellScriptBuildPhase section */
		F725EAF529F50FB20062AEDD /* [IO] Lint */ = {
			isa = PBXShellScriptBuildPhase;
			alwaysOutOfDate = 1;
			buildActionMask = 2147483647;
			files = (
			);
			inputFileListPaths = (
			);
			inputPaths = (
			);
			name = "[IO] Lint";
			outputFileListPaths = (
			);
			outputPaths = (
			);
			runOnlyForDeploymentPostprocessing = 0;
			shellPath = /bin/sh;
			shellScript = "if [[ $ACTION == \"build\" && $ENABLE_PREVIEWS == \"NO\" ]]; then\n    swift package plugin ioswiftlint --target IOSwiftUI\nfi\n";
		};
		F725EAF829F524300062AEDD /* [IO] Lint Sample App */ = {
			isa = PBXShellScriptBuildPhase;
			alwaysOutOfDate = 1;
			buildActionMask = 2147483647;
			files = (
			);
			inputFileListPaths = (
			);
			inputPaths = (
			);
			name = "[IO] Lint Sample App";
			outputFileListPaths = (
			);
			outputPaths = (
			);
			runOnlyForDeploymentPostprocessing = 0;
			shellPath = /bin/sh;
			shellScript = "if [[ $ACTION == \"build\" && $ENABLE_PREVIEWS == \"NO\" ]]; then\n    cd \"${SRCROOT}/SwiftUISampleApp\"\n    swift package plugin ioswiftlint --target SwiftUISampleApp\nfi\n";
		};
		F72608622922CD9F009C545C /* [IO] Prepare Settings Bundle */ = {
			isa = PBXShellScriptBuildPhase;
			alwaysOutOfDate = 1;
			buildActionMask = 2147483647;
			files = (
			);
			inputFileListPaths = (
			);
			inputPaths = (
			);
			name = "[IO] Prepare Settings Bundle";
			outputFileListPaths = (
			);
			outputPaths = (
			);
			runOnlyForDeploymentPostprocessing = 0;
			shellPath = /bin/sh;
			shellScript = "SCRIPT_PATH=\"${SOURCE_ROOT}/../Plugins/IOPrepareSettingsBundle/IOPrepareSettingsBundle.sh\"\nPLIST_PATH=\"${SOURCE_ROOT}/IOSwiftUISample/Resources/Settings.bundle\"\n\nif [[ \"${CONFIGURATION}\" == \"Release\" ]]; then\n    \"${SCRIPT_PATH}\" Release \"${PLIST_PATH}\"\nelse\n    \"${SCRIPT_PATH}\" Debug \"${PLIST_PATH}\" \nfi\n";
		};
/* End PBXShellScriptBuildPhase section */

/* Begin PBXSourcesBuildPhase section */
		F7AD7DE028DCE8FA00CDB8B8 /* Sources */ = {
			isa = PBXSourcesBuildPhase;
			buildActionMask = 2147483647;
			files = (
				F7AD7DEC28DCE92100CDB8B8 /* IOBuildConfig.m in Sources */,
				F7AD7DF028DCE96C00CDB8B8 /* IOBuildConfigGenerator.m in Sources */,
			);
			runOnlyForDeploymentPostprocessing = 0;
		};
		F7FEE58428B0F1C9005D6633 /* Sources */ = {
			isa = PBXSourcesBuildPhase;
			buildActionMask = 2147483647;
			files = (
				F7FEE58C28B0F1C9005D6633 /* IOSwiftUISampleApp.swift in Sources */,
				F73A7BD7291D5F8500D1D832 /* IOSwiftUISampleAppDelegate.swift in Sources */,
			);
			runOnlyForDeploymentPostprocessing = 0;
		};
/* End PBXSourcesBuildPhase section */

/* Begin PBXTargetDependency section */
		F725EAF729F50FFC0062AEDD /* PBXTargetDependency */ = {
			isa = PBXTargetDependency;
			target = F725EAF029F50F9C0062AEDD /* ExecuteSwiftLint */;
			targetProxy = F725EAF629F50FFC0062AEDD /* PBXContainerItemProxy */;
		};
/* End PBXTargetDependency section */

/* Begin XCBuildConfiguration section */
		F725EAF129F50F9C0062AEDD /* Debug */ = {
			isa = XCBuildConfiguration;
			buildSettings = {
				CODE_SIGN_STYLE = Automatic;
				PRODUCT_NAME = "$(TARGET_NAME)";
				SDKROOT = macosx;
			};
			name = Debug;
		};
		F725EAF229F50F9C0062AEDD /* DEV */ = {
			isa = XCBuildConfiguration;
			buildSettings = {
				CODE_SIGN_STYLE = Automatic;
				PRODUCT_NAME = "$(TARGET_NAME)";
				SDKROOT = macosx;
			};
			name = DEV;
		};
		F725EAF329F50F9C0062AEDD /* Release */ = {
			isa = XCBuildConfiguration;
			buildSettings = {
				CODE_SIGN_STYLE = Automatic;
				PRODUCT_NAME = "$(TARGET_NAME)";
				SDKROOT = macosx;
			};
			name = Release;
		};
		F7A69E7628F16605001EDC99 /* DEV */ = {
			isa = XCBuildConfiguration;
			buildSettings = {
				ALWAYS_SEARCH_USER_PATHS = NO;
				CLANG_ANALYZER_NONNULL = YES;
				CLANG_ANALYZER_NUMBER_OBJECT_CONVERSION = YES_AGGRESSIVE;
				CLANG_CXX_LANGUAGE_STANDARD = "gnu++20";
				CLANG_ENABLE_MODULES = YES;
				CLANG_ENABLE_OBJC_ARC = YES;
				CLANG_ENABLE_OBJC_WEAK = YES;
				CLANG_WARN_BLOCK_CAPTURE_AUTORELEASING = YES;
				CLANG_WARN_BOOL_CONVERSION = YES;
				CLANG_WARN_COMMA = YES;
				CLANG_WARN_CONSTANT_CONVERSION = YES;
				CLANG_WARN_DEPRECATED_OBJC_IMPLEMENTATIONS = YES;
				CLANG_WARN_DIRECT_OBJC_ISA_USAGE = YES_ERROR;
				CLANG_WARN_DOCUMENTATION_COMMENTS = YES;
				CLANG_WARN_EMPTY_BODY = YES;
				CLANG_WARN_ENUM_CONVERSION = YES;
				CLANG_WARN_INFINITE_RECURSION = YES;
				CLANG_WARN_INT_CONVERSION = YES;
				CLANG_WARN_NON_LITERAL_NULL_CONVERSION = YES;
				CLANG_WARN_OBJC_IMPLICIT_RETAIN_SELF = YES;
				CLANG_WARN_OBJC_LITERAL_CONVERSION = YES;
				CLANG_WARN_OBJC_ROOT_CLASS = YES_ERROR;
				CLANG_WARN_QUOTED_INCLUDE_IN_FRAMEWORK_HEADER = YES;
				CLANG_WARN_RANGE_LOOP_ANALYSIS = YES;
				CLANG_WARN_STRICT_PROTOTYPES = YES;
				CLANG_WARN_SUSPICIOUS_MOVE = YES;
				CLANG_WARN_UNGUARDED_AVAILABILITY = YES_AGGRESSIVE;
				CLANG_WARN_UNREACHABLE_CODE = YES;
				CLANG_WARN__DUPLICATE_METHOD_MATCH = YES;
				CODE_SIGN_STYLE = Manual;
				COPY_PHASE_STRIP = NO;
				DEBUG_INFORMATION_FORMAT = "dwarf-with-dsym";
				ENABLE_STRICT_OBJC_MSGSEND = YES;
				ENABLE_TESTABILITY = YES;
				GCC_C_LANGUAGE_STANDARD = gnu11;
				GCC_DYNAMIC_NO_PIC = NO;
				GCC_NO_COMMON_BLOCKS = YES;
				GCC_OPTIMIZATION_LEVEL = 0;
				GCC_PREPROCESSOR_DEFINITIONS = (
					"DEBUG=1",
					"$(inherited)",
				);
				GCC_WARN_64_TO_32_BIT_CONVERSION = YES;
				GCC_WARN_ABOUT_RETURN_TYPE = YES_ERROR;
				GCC_WARN_UNDECLARED_SELECTOR = YES;
				GCC_WARN_UNINITIALIZED_AUTOS = YES_AGGRESSIVE;
				GCC_WARN_UNUSED_FUNCTION = YES;
				GCC_WARN_UNUSED_VARIABLE = YES;
				IPHONEOS_DEPLOYMENT_TARGET = 14.0;
				MTL_ENABLE_DEBUG_INFO = INCLUDE_SOURCE;
				MTL_FAST_MATH = YES;
				SDKROOT = iphoneos;
				SWIFT_ACTIVE_COMPILATION_CONDITIONS = DEBUG;
				SWIFT_OPTIMIZATION_LEVEL = "-Onone";
				VALIDATE_PRODUCT = YES;
			};
			name = DEV;
		};
		F7A69E7728F16605001EDC99 /* DEV */ = {
			isa = XCBuildConfiguration;
			baseConfigurationReference = F7A69E7928F16633001EDC99 /* IOSwiftUISample.DEV.xcconfig */;
			buildSettings = {
				CODE_SIGN_IDENTITY = "Apple Development";
				CURRENT_PROJECT_VERSION = 1;
				MARKETING_VERSION = 1.0.0;
				PRODUCT_NAME = "$(TARGET_NAME)";
				PROVISIONING_PROFILE_SPECIFIER = "";
				SWIFT_VERSION = 5.0;
			};
			name = DEV;
		};
		F7A69E7828F16605001EDC99 /* DEV */ = {
			isa = XCBuildConfiguration;
			buildSettings = {
				CLANG_CXX_LANGUAGE_STANDARD = "gnu++20";
				CODE_SIGN_STYLE = Manual;
				DEAD_CODE_STRIPPING = YES;
				MACOSX_DEPLOYMENT_TARGET = 12.3;
				PRODUCT_NAME = "$(TARGET_NAME)";
				SDKROOT = macosx;
			};
			name = DEV;
		};
		F7AD7DE928DCE8FA00CDB8B8 /* Debug */ = {
			isa = XCBuildConfiguration;
			buildSettings = {
				CLANG_CXX_LANGUAGE_STANDARD = "gnu++20";
				CODE_SIGN_STYLE = Manual;
				DEAD_CODE_STRIPPING = YES;
				MACOSX_DEPLOYMENT_TARGET = 12.3;
				PRODUCT_NAME = "$(TARGET_NAME)";
				SDKROOT = macosx;
			};
			name = Debug;
		};
		F7AD7DEA28DCE8FA00CDB8B8 /* Release */ = {
			isa = XCBuildConfiguration;
			buildSettings = {
				CLANG_CXX_LANGUAGE_STANDARD = "gnu++20";
				CODE_SIGN_STYLE = Manual;
				DEAD_CODE_STRIPPING = YES;
				MACOSX_DEPLOYMENT_TARGET = 12.3;
				PRODUCT_NAME = "$(TARGET_NAME)";
				SDKROOT = macosx;
			};
			name = Release;
		};
		F7FEE59428B0F1C9005D6633 /* Debug */ = {
			isa = XCBuildConfiguration;
			buildSettings = {
				ALWAYS_SEARCH_USER_PATHS = NO;
				CLANG_ANALYZER_NONNULL = YES;
				CLANG_ANALYZER_NUMBER_OBJECT_CONVERSION = YES_AGGRESSIVE;
				CLANG_CXX_LANGUAGE_STANDARD = "gnu++20";
				CLANG_ENABLE_MODULES = YES;
				CLANG_ENABLE_OBJC_ARC = YES;
				CLANG_ENABLE_OBJC_WEAK = YES;
				CLANG_WARN_BLOCK_CAPTURE_AUTORELEASING = YES;
				CLANG_WARN_BOOL_CONVERSION = YES;
				CLANG_WARN_COMMA = YES;
				CLANG_WARN_CONSTANT_CONVERSION = YES;
				CLANG_WARN_DEPRECATED_OBJC_IMPLEMENTATIONS = YES;
				CLANG_WARN_DIRECT_OBJC_ISA_USAGE = YES_ERROR;
				CLANG_WARN_DOCUMENTATION_COMMENTS = YES;
				CLANG_WARN_EMPTY_BODY = YES;
				CLANG_WARN_ENUM_CONVERSION = YES;
				CLANG_WARN_INFINITE_RECURSION = YES;
				CLANG_WARN_INT_CONVERSION = YES;
				CLANG_WARN_NON_LITERAL_NULL_CONVERSION = YES;
				CLANG_WARN_OBJC_IMPLICIT_RETAIN_SELF = YES;
				CLANG_WARN_OBJC_LITERAL_CONVERSION = YES;
				CLANG_WARN_OBJC_ROOT_CLASS = YES_ERROR;
				CLANG_WARN_QUOTED_INCLUDE_IN_FRAMEWORK_HEADER = YES;
				CLANG_WARN_RANGE_LOOP_ANALYSIS = YES;
				CLANG_WARN_STRICT_PROTOTYPES = YES;
				CLANG_WARN_SUSPICIOUS_MOVE = YES;
				CLANG_WARN_UNGUARDED_AVAILABILITY = YES_AGGRESSIVE;
				CLANG_WARN_UNREACHABLE_CODE = YES;
				CLANG_WARN__DUPLICATE_METHOD_MATCH = YES;
				CODE_SIGN_STYLE = Manual;
				COPY_PHASE_STRIP = NO;
				DEBUG_INFORMATION_FORMAT = dwarf;
				ENABLE_STRICT_OBJC_MSGSEND = YES;
				ENABLE_TESTABILITY = YES;
				GCC_C_LANGUAGE_STANDARD = gnu11;
				GCC_DYNAMIC_NO_PIC = NO;
				GCC_NO_COMMON_BLOCKS = YES;
				GCC_OPTIMIZATION_LEVEL = 0;
				GCC_PREPROCESSOR_DEFINITIONS = (
					"DEBUG=1",
					"$(inherited)",
				);
				GCC_WARN_64_TO_32_BIT_CONVERSION = YES;
				GCC_WARN_ABOUT_RETURN_TYPE = YES_ERROR;
				GCC_WARN_UNDECLARED_SELECTOR = YES;
				GCC_WARN_UNINITIALIZED_AUTOS = YES_AGGRESSIVE;
				GCC_WARN_UNUSED_FUNCTION = YES;
				GCC_WARN_UNUSED_VARIABLE = YES;
				IPHONEOS_DEPLOYMENT_TARGET = 14.0;
				MTL_ENABLE_DEBUG_INFO = INCLUDE_SOURCE;
				MTL_FAST_MATH = YES;
				ONLY_ACTIVE_ARCH = YES;
				SDKROOT = iphoneos;
				SWIFT_ACTIVE_COMPILATION_CONDITIONS = DEBUG;
				SWIFT_OPTIMIZATION_LEVEL = "-Onone";
			};
			name = Debug;
		};
		F7FEE59528B0F1C9005D6633 /* Release */ = {
			isa = XCBuildConfiguration;
			buildSettings = {
				ALWAYS_SEARCH_USER_PATHS = NO;
				CLANG_ANALYZER_NONNULL = YES;
				CLANG_ANALYZER_NUMBER_OBJECT_CONVERSION = YES_AGGRESSIVE;
				CLANG_CXX_LANGUAGE_STANDARD = "gnu++20";
				CLANG_ENABLE_MODULES = YES;
				CLANG_ENABLE_OBJC_ARC = YES;
				CLANG_ENABLE_OBJC_WEAK = YES;
				CLANG_WARN_BLOCK_CAPTURE_AUTORELEASING = YES;
				CLANG_WARN_BOOL_CONVERSION = YES;
				CLANG_WARN_COMMA = YES;
				CLANG_WARN_CONSTANT_CONVERSION = YES;
				CLANG_WARN_DEPRECATED_OBJC_IMPLEMENTATIONS = YES;
				CLANG_WARN_DIRECT_OBJC_ISA_USAGE = YES_ERROR;
				CLANG_WARN_DOCUMENTATION_COMMENTS = YES;
				CLANG_WARN_EMPTY_BODY = YES;
				CLANG_WARN_ENUM_CONVERSION = YES;
				CLANG_WARN_INFINITE_RECURSION = YES;
				CLANG_WARN_INT_CONVERSION = YES;
				CLANG_WARN_NON_LITERAL_NULL_CONVERSION = YES;
				CLANG_WARN_OBJC_IMPLICIT_RETAIN_SELF = YES;
				CLANG_WARN_OBJC_LITERAL_CONVERSION = YES;
				CLANG_WARN_OBJC_ROOT_CLASS = YES_ERROR;
				CLANG_WARN_QUOTED_INCLUDE_IN_FRAMEWORK_HEADER = YES;
				CLANG_WARN_RANGE_LOOP_ANALYSIS = YES;
				CLANG_WARN_STRICT_PROTOTYPES = YES;
				CLANG_WARN_SUSPICIOUS_MOVE = YES;
				CLANG_WARN_UNGUARDED_AVAILABILITY = YES_AGGRESSIVE;
				CLANG_WARN_UNREACHABLE_CODE = YES;
				CLANG_WARN__DUPLICATE_METHOD_MATCH = YES;
				CODE_SIGN_STYLE = Manual;
				COPY_PHASE_STRIP = NO;
				DEBUG_INFORMATION_FORMAT = "dwarf-with-dsym";
				ENABLE_NS_ASSERTIONS = NO;
				ENABLE_STRICT_OBJC_MSGSEND = YES;
				GCC_C_LANGUAGE_STANDARD = gnu11;
				GCC_NO_COMMON_BLOCKS = YES;
				GCC_WARN_64_TO_32_BIT_CONVERSION = YES;
				GCC_WARN_ABOUT_RETURN_TYPE = YES_ERROR;
				GCC_WARN_UNDECLARED_SELECTOR = YES;
				GCC_WARN_UNINITIALIZED_AUTOS = YES_AGGRESSIVE;
				GCC_WARN_UNUSED_FUNCTION = YES;
				GCC_WARN_UNUSED_VARIABLE = YES;
				IPHONEOS_DEPLOYMENT_TARGET = 14.0;
				MTL_ENABLE_DEBUG_INFO = NO;
				MTL_FAST_MATH = YES;
				SDKROOT = iphoneos;
				SWIFT_COMPILATION_MODE = wholemodule;
				SWIFT_OPTIMIZATION_LEVEL = "-O";
				VALIDATE_PRODUCT = YES;
			};
			name = Release;
		};
		F7FEE59728B0F1C9005D6633 /* Debug */ = {
			isa = XCBuildConfiguration;
			baseConfigurationReference = F7FEE5B528B0F35C005D6633 /* IOSwiftUISample.Debug.xcconfig */;
			buildSettings = {
				CODE_SIGN_IDENTITY = "Apple Development";
				CURRENT_PROJECT_VERSION = 1;
				DEVELOPMENT_TEAM = 3U8TGD2356;
				MARKETING_VERSION = 1.0.0;
				PRODUCT_NAME = "$(TARGET_NAME)";
				PROVISIONING_PROFILE_SPECIFIER = "IOSwiftUISample Debug Development";
				SWIFT_VERSION = 5.0;
			};
			name = Debug;
		};
		F7FEE59828B0F1C9005D6633 /* Release */ = {
			isa = XCBuildConfiguration;
			baseConfigurationReference = F7FEE5B628B0F364005D6633 /* IOSwiftUISample.Release.xcconfig */;
			buildSettings = {
				CURRENT_PROJECT_VERSION = 1;
				MARKETING_VERSION = 1.0.0;
				PRODUCT_NAME = "$(TARGET_NAME)";
				SWIFT_VERSION = 5.0;
			};
			name = Release;
		};
/* End XCBuildConfiguration section */

/* Begin XCConfigurationList section */
		F725EAF429F50F9C0062AEDD /* Build configuration list for PBXAggregateTarget "ExecuteSwiftLint" */ = {
			isa = XCConfigurationList;
			buildConfigurations = (
				F725EAF129F50F9C0062AEDD /* Debug */,
				F725EAF229F50F9C0062AEDD /* DEV */,
				F725EAF329F50F9C0062AEDD /* Release */,
			);
			defaultConfigurationIsVisible = 0;
			defaultConfigurationName = Release;
		};
		F7AD7DE828DCE8FA00CDB8B8 /* Build configuration list for PBXNativeTarget "IOBuildConfigGenerator" */ = {
			isa = XCConfigurationList;
			buildConfigurations = (
				F7AD7DE928DCE8FA00CDB8B8 /* Debug */,
				F7A69E7828F16605001EDC99 /* DEV */,
				F7AD7DEA28DCE8FA00CDB8B8 /* Release */,
			);
			defaultConfigurationIsVisible = 0;
			defaultConfigurationName = Release;
		};
		F7FEE58328B0F1C9005D6633 /* Build configuration list for PBXProject "IOSwiftUISample" */ = {
			isa = XCConfigurationList;
			buildConfigurations = (
				F7FEE59428B0F1C9005D6633 /* Debug */,
				F7A69E7628F16605001EDC99 /* DEV */,
				F7FEE59528B0F1C9005D6633 /* Release */,
			);
			defaultConfigurationIsVisible = 0;
			defaultConfigurationName = Release;
		};
		F7FEE59628B0F1C9005D6633 /* Build configuration list for PBXNativeTarget "IOSwiftUISample" */ = {
			isa = XCConfigurationList;
			buildConfigurations = (
				F7FEE59728B0F1C9005D6633 /* Debug */,
				F7A69E7728F16605001EDC99 /* DEV */,
				F7FEE59828B0F1C9005D6633 /* Release */,
			);
			defaultConfigurationIsVisible = 0;
			defaultConfigurationName = Release;
		};
/* End XCConfigurationList section */

/* Begin XCSwiftPackageProductDependency section */
		F72356C12A88C4D000CC9238 /* IOSwiftUI */ = {
			isa = XCSwiftPackageProductDependency;
			productName = IOSwiftUI;
		};
		F7FEE5C028B10015005D6633 /* SwiftUISampleApp */ = {
			isa = XCSwiftPackageProductDependency;
			productName = SwiftUISampleApp;
		};
/* End XCSwiftPackageProductDependency section */
	};
	rootObject = F7FEE58028B0F1C9005D6633 /* Project object */;
}
